
Microsoft Visual Studio Solution File, Format Version 12.00
# Visual Studio Version 17
VisualStudioVersion = 17.4.33403.182
MinimumVisualStudioVersion = 10.0.40219.1
Project("{9A19103F-16F7-4668-BE54-9A1E7A4F7556}") = "WebApi", "WebApi\WebApi.csproj", "{8E36A450-CF6D-4CB1-BB84-BA06802E2E0C}"
EndProject
Project("{9A19103F-16F7-4668-BE54-9A1E7A4F7556}") = "DataLayer", "DataLayer\DataLayer.csproj", "{C65F1153-1761-4512-B834-B062C6B85B20}"
EndProject
Project("{2150E333-8FDC-42A3-9474-1A3956D46DE8}") = "Элементы решения", "Элементы решения", "{F12DF7E8-076C-4CAF-BAE3-1E2C017DA60C}"
	ProjectSection(SolutionItems) = preProject
		Dockerfile = Dockerfile
	EndProjectSection
EndProject
Project("{FAE04EC0-301F-11D3-BF4B-00C04F79EFBC}") = "SharpMath2", "SharpMath2\SharpMath2.csproj", "{38BA5288-7F80-4931-97E2-9EA9E6664347}"
EndProject
Global
	GlobalSection(SolutionConfigurationPlatforms) = preSolution
		Debug|Any CPU = Debug|Any CPU
		Release|Any CPU = Release|Any CPU
	EndGlobalSection
	GlobalSection(ProjectConfigurationPlatforms) = postSolution
		{8E36A450-CF6D-4CB1-BB84-BA06802E2E0C}.Debug|Any CPU.ActiveCfg = Debug|Any CPU
		{8E36A450-CF6D-4CB1-BB84-BA06802E2E0C}.Debug|Any CPU.Build.0 = Debug|Any CPU
		{8E36A450-CF6D-4CB1-BB84-BA06802E2E0C}.Release|Any CPU.ActiveCfg = Release|Any CPU
		{8E36A450-CF6D-4CB1-BB84-BA06802E2E0C}.Release|Any CPU.Build.0 = Release|Any CPU
		{C65F1153-1761-4512-B834-B062C6B85B20}.Debug|Any CPU.ActiveCfg = Debug|Any CPU
		{C65F1153-1761-4512-B834-B062C6B85B20}.Debug|Any CPU.Build.0 = Debug|Any CPU
		{C65F1153-1761-4512-B834-B062C6B85B20}.Release|Any CPU.ActiveCfg = Release|Any CPU
		{C65F1153-1761-4512-B834-B062C6B85B20}.Release|Any CPU.Build.0 = Release|Any CPU
		{38BA5288-7F80-4931-97E2-9EA9E6664347}.Debug|Any CPU.ActiveCfg = Debug|Any CPU
		{38BA5288-7F80-4931-97E2-9EA9E6664347}.Debug|Any CPU.Build.0 = Debug|Any CPU
		{38BA5288-7F80-4931-97E2-9EA9E6664347}.Release|Any CPU.ActiveCfg = Release|Any CPU
		{38BA5288-7F80-4931-97E2-9EA9E6664347}.Release|Any CPU.Build.0 = Release|Any CPU
	EndGlobalSection
	GlobalSection(SolutionProperties) = preSolution
		HideSolutionNode = FALSE
	EndGlobalSection
	GlobalSection(ExtensibilityGlobals) = postSolution
		SolutionGuid = {332249D0-4D7B-4235-AD36-C7F18F340DA9}
	EndGlobalSection
EndGlobal
